{
  "name": "kommon",
  "version": "1.0.0",
  "lockfileVersion": 2,
  "requires": true,
  "packages": {
    "": {
      "name": "kommon",
      "version": "1.0.0",
      "license": "ISC",
      "dependencies": {
        "twgl.js": "^5.5.1"
      },
      "devDependencies": {
        "typescript": "^4.7.4"
      }
    },
    "../Shaku": {
      "name": "shaku",
      "version": "2.2.5",
      "extraneous": true,
      "license": "MIT",
      "dependencies": {
        "typedoc-plugin-missing-exports": "^2.0.1"
      },
      "devDependencies": {
        "@types/chrome": "^0.0.243",
        "@types/firefox": "^0.0.31",
        "@typescript-eslint/eslint-plugin": "^6.2.1",
        "@typescript-eslint/parser": "^6.2.1",
        "esbuild": "^0.18.17",
        "eslint": "^8.46.0",
        "eslint-plugin-deprecation": "^1.5.0",
        "eslint-plugin-import": "^2.28.0",
        "eslint-plugin-only-warn": "^1.1.0",
        "typedoc": "^0.24.8",
        "typescript": "^5.1.6"
      }
    },
    "node_modules/twgl.js": {
      "version": "5.5.1",
      "resolved": "https://registry.npmjs.org/twgl.js/-/twgl.js-5.5.1.tgz",
      "integrity": "sha512-YPzBb3Eo1ZMye489xsEN7TX6EtdP8TutWV2/vOJpjgWG2MxsDW+GiL7Vc1Nr7wdkwn//sE0Um15Uaq2QJmfOgQ=="
    },
    "node_modules/typescript": {
      "version": "4.9.5",
      "resolved": "https://registry.npmjs.org/typescript/-/typescript-4.9.5.tgz",
      "integrity": "sha512-1FXk9E2Hm+QzZQ7z+McJiHL4NW1F2EzMu9Nq9i3zAaGqibafqYwCVU6WyWAuyQRRzOlxou8xZSyXLEN8oKj24g==",
      "dev": true,
      "bin": {
        "tsc": "bin/tsc",
        "tsserver": "bin/tsserver"
      },
      "engines": {
        "node": ">=4.2.0"
      }
    }
  },
  "dependencies": {
    "twgl.js": {
      "version": "5.5.1",
      "resolved": "https://registry.npmjs.org/twgl.js/-/twgl.js-5.5.1.tgz",
      "integrity": "sha512-YPzBb3Eo1ZMye489xsEN7TX6EtdP8TutWV2/vOJpjgWG2MxsDW+GiL7Vc1Nr7wdkwn//sE0Um15Uaq2QJmfOgQ=="
    },
    "typescript": {
      "version": "4.9.5",
      "resolved": "https://registry.npmjs.org/typescript/-/typescript-4.9.5.tgz",
      "integrity": "sha512-1FXk9E2Hm+QzZQ7z+McJiHL4NW1F2EzMu9Nq9i3zAaGqibafqYwCVU6WyWAuyQRRzOlxou8xZSyXLEN8oKj24g==",
      "dev": true
    }
  }
}
